// !$*UTF8*$!
{
	archiveVersion = 1;
	classes = {
	};
	objectVersion = 46;
	objects = {

/* Begin PBXBuildFile section */
		38B1BF1711E532CE5908144C /* Pods_SimpleReno.framework in Frameworks */ = {isa = PBXBuildFile; fileRef = 8AB5DCFF87CDAF1463231174 /* Pods_SimpleReno.framework */; settings = {ATTRIBUTES = (Weak, ); }; };
		B6C88B141BB62105006114F0 /* AppDelegate.swift in Sources */ = {isa = PBXBuildFile; fileRef = B6C88B131BB62105006114F0 /* AppDelegate.swift */; };
		B6C88B161BB62105006114F0 /* InitialViewController.swift in Sources */ = {isa = PBXBuildFile; fileRef = B6C88B151BB62105006114F0 /* InitialViewController.swift */; };
		B6C88B191BB62105006114F0 /* Main.storyboard in Resources */ = {isa = PBXBuildFile; fileRef = B6C88B171BB62105006114F0 /* Main.storyboard */; };
		B6C88B1B1BB62105006114F0 /* Assets.xcassets in Resources */ = {isa = PBXBuildFile; fileRef = B6C88B1A1BB62105006114F0 /* Assets.xcassets */; };
		B6C88B1E1BB62105006114F0 /* LaunchScreen.storyboard in Resources */ = {isa = PBXBuildFile; fileRef = B6C88B1C1BB62105006114F0 /* LaunchScreen.storyboard */; };
		B6C88B2B1BB63A3A006114F0 /* SignupViewController.swift in Sources */ = {isa = PBXBuildFile; fileRef = B6C88B2A1BB63A3A006114F0 /* SignupViewController.swift */; settings = {ASSET_TAGS = (); }; };
		B6C88B2E1BB63FAF006114F0 /* JobsTableViewController.swift in Sources */ = {isa = PBXBuildFile; fileRef = B6C88B2D1BB63FAF006114F0 /* JobsTableViewController.swift */; settings = {ASSET_TAGS = (); }; };
		B6C88B301BB6414A006114F0 /* JobsTableViewCell.swift in Sources */ = {isa = PBXBuildFile; fileRef = B6C88B2F1BB6414A006114F0 /* JobsTableViewCell.swift */; settings = {ASSET_TAGS = (); }; };
		B6C88B331BB642F4006114F0 /* Bid.swift in Sources */ = {isa = PBXBuildFile; fileRef = B6C88B321BB642F4006114F0 /* Bid.swift */; settings = {ASSET_TAGS = (); }; };
		B6C88B351BB643A7006114F0 /* Job.swift in Sources */ = {isa = PBXBuildFile; fileRef = B6C88B341BB643A7006114F0 /* Job.swift */; settings = {ASSET_TAGS = (); }; };
		B6C88B371BB64533006114F0 /* Profile.swift in Sources */ = {isa = PBXBuildFile; fileRef = B6C88B361BB64533006114F0 /* Profile.swift */; settings = {ASSET_TAGS = (); }; };
		B6C88B3A1BB64BE6006114F0 /* AddJobTableViewController.swift in Sources */ = {isa = PBXBuildFile; fileRef = B6C88B391BB64BE6006114F0 /* AddJobTableViewController.swift */; settings = {ASSET_TAGS = (); }; };
		B6C88B3D1BB6583F006114F0 /* JobDetailViewController.swift in Sources */ = {isa = PBXBuildFile; fileRef = B6C88B3C1BB6583F006114F0 /* JobDetailViewController.swift */; settings = {ASSET_TAGS = (); }; };
		B6C88B3F1BB672E1006114F0 /* Extensions.swift in Sources */ = {isa = PBXBuildFile; fileRef = B6C88B3E1BB672E1006114F0 /* Extensions.swift */; settings = {ASSET_TAGS = (); }; };
		B6CC4A631BB6C4F40027CE47 /* CategoryPickerController.swift in Sources */ = {isa = PBXBuildFile; fileRef = B6CC4A621BB6C4F40027CE47 /* CategoryPickerController.swift */; settings = {ASSET_TAGS = (); }; };
		B6CC4A651BB6C66E0027CE47 /* Categories.swift in Sources */ = {isa = PBXBuildFile; fileRef = B6CC4A641BB6C66E0027CE47 /* Categories.swift */; settings = {ASSET_TAGS = (); }; };
/* End PBXBuildFile section */

/* Begin PBXFileReference section */
		8AB5DCFF87CDAF1463231174 /* Pods_SimpleReno.framework */ = {isa = PBXFileReference; explicitFileType = wrapper.framework; includeInIndex = 0; path = Pods_SimpleReno.framework; sourceTree = BUILT_PRODUCTS_DIR; };
		A9264E139F6A4C102AB4618F /* Pods-SimpleReno.debug.xcconfig */ = {isa = PBXFileReference; includeInIndex = 1; lastKnownFileType = text.xcconfig; name = "Pods-SimpleReno.debug.xcconfig"; path = "Pods/Target Support Files/Pods-SimpleReno/Pods-SimpleReno.debug.xcconfig"; sourceTree = "<group>"; };
		B6C88B101BB62105006114F0 /* SimpleReno.app */ = {isa = PBXFileReference; explicitFileType = wrapper.application; includeInIndex = 0; path = SimpleReno.app; sourceTree = BUILT_PRODUCTS_DIR; };
		B6C88B131BB62105006114F0 /* AppDelegate.swift */ = {isa = PBXFileReference; lastKnownFileType = sourcecode.swift; path = AppDelegate.swift; sourceTree = "<group>"; };
		B6C88B151BB62105006114F0 /* InitialViewController.swift */ = {isa = PBXFileReference; lastKnownFileType = sourcecode.swift; path = InitialViewController.swift; sourceTree = "<group>"; };
		B6C88B181BB62105006114F0 /* Base */ = {isa = PBXFileReference; lastKnownFileType = file.storyboard; name = Base; path = Base.lproj/Main.storyboard; sourceTree = "<group>"; };
		B6C88B1A1BB62105006114F0 /* Assets.xcassets */ = {isa = PBXFileReference; lastKnownFileType = folder.assetcatalog; path = Assets.xcassets; sourceTree = "<group>"; };
		B6C88B1D1BB62105006114F0 /* Base */ = {isa = PBXFileReference; lastKnownFileType = file.storyboard; name = Base; path = Base.lproj/LaunchScreen.storyboard; sourceTree = "<group>"; };
		B6C88B1F1BB62105006114F0 /* Info.plist */ = {isa = PBXFileReference; lastKnownFileType = text.plist.xml; path = Info.plist; sourceTree = "<group>"; };
		B6C88B2A1BB63A3A006114F0 /* SignupViewController.swift */ = {isa = PBXFileReference; fileEncoding = 4; lastKnownFileType = sourcecode.swift; path = SignupViewController.swift; sourceTree = "<group>"; };
		B6C88B2D1BB63FAF006114F0 /* JobsTableViewController.swift */ = {isa = PBXFileReference; fileEncoding = 4; lastKnownFileType = sourcecode.swift; path = JobsTableViewController.swift; sourceTree = "<group>"; };
		B6C88B2F1BB6414A006114F0 /* JobsTableViewCell.swift */ = {isa = PBXFileReference; fileEncoding = 4; lastKnownFileType = sourcecode.swift; path = JobsTableViewCell.swift; sourceTree = "<group>"; };
		B6C88B321BB642F4006114F0 /* Bid.swift */ = {isa = PBXFileReference; fileEncoding = 4; lastKnownFileType = sourcecode.swift; path = Bid.swift; sourceTree = "<group>"; };
		B6C88B341BB643A7006114F0 /* Job.swift */ = {isa = PBXFileReference; fileEncoding = 4; lastKnownFileType = sourcecode.swift; path = Job.swift; sourceTree = "<group>"; };
		B6C88B361BB64533006114F0 /* Profile.swift */ = {isa = PBXFileReference; fileEncoding = 4; lastKnownFileType = sourcecode.swift; path = Profile.swift; sourceTree = "<group>"; };
		B6C88B391BB64BE6006114F0 /* AddJobTableViewController.swift */ = {isa = PBXFileReference; fileEncoding = 4; lastKnownFileType = sourcecode.swift; path = AddJobTableViewController.swift; sourceTree = "<group>"; };
		B6C88B3C1BB6583F006114F0 /* JobDetailViewController.swift */ = {isa = PBXFileReference; fileEncoding = 4; lastKnownFileType = sourcecode.swift; path = JobDetailViewController.swift; sourceTree = "<group>"; };
		B6C88B3E1BB672E1006114F0 /* Extensions.swift */ = {isa = PBXFileReference; fileEncoding = 4; lastKnownFileType = sourcecode.swift; path = Extensions.swift; sourceTree = "<group>"; };
		B6CC4A621BB6C4F40027CE47 /* CategoryPickerController.swift */ = {isa = PBXFileReference; fileEncoding = 4; lastKnownFileType = sourcecode.swift; path = CategoryPickerController.swift; sourceTree = "<group>"; };
		B6CC4A641BB6C66E0027CE47 /* Categories.swift */ = {isa = PBXFileReference; fileEncoding = 4; lastKnownFileType = sourcecode.swift; path = Categories.swift; sourceTree = "<group>"; };
		CF382C5820CCBAF7756B6DF4 /* Pods-SimpleReno.release.xcconfig */ = {isa = PBXFileReference; includeInIndex = 1; lastKnownFileType = text.xcconfig; name = "Pods-SimpleReno.release.xcconfig"; path = "Pods/Target Support Files/Pods-SimpleReno/Pods-SimpleReno.release.xcconfig"; sourceTree = "<group>"; };
/* End PBXFileReference section */

/* Begin PBXFrameworksBuildPhase section */
		B6C88B0D1BB62105006114F0 /* Frameworks */ = {
			isa = PBXFrameworksBuildPhase;
			buildActionMask = 2147483647;
			files = (
				38B1BF1711E532CE5908144C /* Pods_SimpleReno.framework in Frameworks */,
			);
			runOnlyForDeploymentPostprocessing = 0;
		};
/* End PBXFrameworksBuildPhase section */

/* Begin PBXGroup section */
		06D44C5405C945371FEF3B3A /* Pods */ = {
			isa = PBXGroup;
			children = (
				A9264E139F6A4C102AB4618F /* Pods-SimpleReno.debug.xcconfig */,
				CF382C5820CCBAF7756B6DF4 /* Pods-SimpleReno.release.xcconfig */,
			);
			name = Pods;
			sourceTree = "<group>";
		};
		A83C43BA9B2A7B5C6682302C /* Frameworks */ = {
			isa = PBXGroup;
			children = (
				8AB5DCFF87CDAF1463231174 /* Pods_SimpleReno.framework */,
			);
			name = Frameworks;
			sourceTree = "<group>";
		};
		B6C88B071BB62105006114F0 = {
			isa = PBXGroup;
			children = (
				B6C88B121BB62105006114F0 /* SimpleReno */,
				B6C88B111BB62105006114F0 /* Products */,
				06D44C5405C945371FEF3B3A /* Pods */,
				A83C43BA9B2A7B5C6682302C /* Frameworks */,
			);
			sourceTree = "<group>";
		};
		B6C88B111BB62105006114F0 /* Products */ = {
			isa = PBXGroup;
			children = (
				B6C88B101BB62105006114F0 /* SimpleReno.app */,
			);
			name = Products;
			sourceTree = "<group>";
		};
		B6C88B121BB62105006114F0 /* SimpleReno */ = {
			isa = PBXGroup;
			children = (
				B6C88B131BB62105006114F0 /* AppDelegate.swift */,
				B6C88B311BB642E7006114F0 /* Model */,
				B6C88B261BB6214C006114F0 /* Controllers */,
				B6C88B251BB62118006114F0 /* Storyboards & Nibs */,
				B6C88B271BB62155006114F0 /* Supporting Files */,
			);
			path = SimpleReno;
			sourceTree = "<group>";
		};
		B6C88B251BB62118006114F0 /* Storyboards & Nibs */ = {
			isa = PBXGroup;
			children = (
				B6C88B171BB62105006114F0 /* Main.storyboard */,
				B6C88B1C1BB62105006114F0 /* LaunchScreen.storyboard */,
			);
			name = "Storyboards & Nibs";
			sourceTree = "<group>";
		};
		B6C88B261BB6214C006114F0 /* Controllers */ = {
			isa = PBXGroup;
			children = (
				B6C88B2C1BB63F9E006114F0 /* JobWall */,
				B6C88B3B1BB65819006114F0 /* JobDetail */,
				B6C88B381BB64BD5006114F0 /* AddJob */,
				B6C88B281BB639E8006114F0 /* Login */,
				B6C88B291BB639F3006114F0 /* Signup */,
			);
			name = Controllers;
			sourceTree = "<group>";
		};
		B6C88B271BB62155006114F0 /* Supporting Files */ = {
			isa = PBXGroup;
			children = (
				B6C88B1A1BB62105006114F0 /* Assets.xcassets */,
				B6C88B1F1BB62105006114F0 /* Info.plist */,
				B6C88B3E1BB672E1006114F0 /* Extensions.swift */,
			);
			name = "Supporting Files";
			sourceTree = "<group>";
		};
		B6C88B281BB639E8006114F0 /* Login */ = {
			isa = PBXGroup;
			children = (
				B6C88B151BB62105006114F0 /* InitialViewController.swift */,
			);
			name = Login;
			sourceTree = "<group>";
		};
		B6C88B291BB639F3006114F0 /* Signup */ = {
			isa = PBXGroup;
			children = (
				B6C88B2A1BB63A3A006114F0 /* SignupViewController.swift */,
			);
			name = Signup;
			sourceTree = "<group>";
		};
		B6C88B2C1BB63F9E006114F0 /* JobWall */ = {
			isa = PBXGroup;
			children = (
				B6C88B2D1BB63FAF006114F0 /* JobsTableViewController.swift */,
				B6C88B2F1BB6414A006114F0 /* JobsTableViewCell.swift */,
			);
			name = JobWall;
			sourceTree = "<group>";
		};
		B6C88B311BB642E7006114F0 /* Model */ = {
			isa = PBXGroup;
			children = (
				B6C88B321BB642F4006114F0 /* Bid.swift */,
				B6C88B341BB643A7006114F0 /* Job.swift */,
				B6C88B361BB64533006114F0 /* Profile.swift */,
				B6CC4A641BB6C66E0027CE47 /* Categories.swift */,
			);
			name = Model;
			sourceTree = "<group>";
		};
		B6C88B381BB64BD5006114F0 /* AddJob */ = {
			isa = PBXGroup;
			children = (
				B6C88B391BB64BE6006114F0 /* AddJobTableViewController.swift */,
				B6CC4A621BB6C4F40027CE47 /* CategoryPickerController.swift */,
			);
			name = AddJob;
			sourceTree = "<group>";
		};
		B6C88B3B1BB65819006114F0 /* JobDetail */ = {
			isa = PBXGroup;
			children = (
				B6C88B3C1BB6583F006114F0 /* JobDetailViewController.swift */,
			);
			name = JobDetail;
			sourceTree = "<group>";
		};
/* End PBXGroup section */

/* Begin PBXNativeTarget section */
		B6C88B0F1BB62105006114F0 /* SimpleReno */ = {
			isa = PBXNativeTarget;
			buildConfigurationList = B6C88B221BB62105006114F0 /* Build configuration list for PBXNativeTarget "SimpleReno" */;
			buildPhases = (
				31E23B0F6885EA682A0A0DBB /* Check Pods Manifest.lock */,
				B6C88B0C1BB62105006114F0 /* Sources */,
				B6C88B0D1BB62105006114F0 /* Frameworks */,
				B6C88B0E1BB62105006114F0 /* Resources */,
				9278DC13057818F73D925D4C /* Embed Pods Frameworks */,
				CB20178C58F4DE33ABACFC9F /* Copy Pods Resources */,
			);
			buildRules = (
			);
			dependencies = (
			);
			name = SimpleReno;
			productName = SimpleReno;
			productReference = B6C88B101BB62105006114F0 /* SimpleReno.app */;
			productType = "com.apple.product-type.application";
		};
/* End PBXNativeTarget section */

/* Begin PBXProject section */
		B6C88B081BB62105006114F0 /* Project object */ = {
			isa = PBXProject;
			attributes = {
				LastUpgradeCheck = 0700;
				ORGANIZATIONNAME = Noms;
				TargetAttributes = {
					B6C88B0F1BB62105006114F0 = {
						CreatedOnToolsVersion = 7.0;
					};
				};
			};
			buildConfigurationList = B6C88B0B1BB62105006114F0 /* Build configuration list for PBXProject "SimpleReno" */;
			compatibilityVersion = "Xcode 3.2";
			developmentRegion = English;
			hasScannedForEncodings = 0;
			knownRegions = (
				en,
				Base,
			);
			mainGroup = B6C88B071BB62105006114F0;
			productRefGroup = B6C88B111BB62105006114F0 /* Products */;
			projectDirPath = "";
			projectRoot = "";
			targets = (
				B6C88B0F1BB62105006114F0 /* SimpleReno */,
			);
		};
/* End PBXProject section */

/* Begin PBXResourcesBuildPhase section */
		B6C88B0E1BB62105006114F0 /* Resources */ = {
			isa = PBXResourcesBuildPhase;
			buildActionMask = 2147483647;
			files = (
				B6C88B1E1BB62105006114F0 /* LaunchScreen.storyboard in Resources */,
				B6C88B1B1BB62105006114F0 /* Assets.xcassets in Resources */,
				B6C88B191BB62105006114F0 /* Main.storyboard in Resources */,
			);
			runOnlyForDeploymentPostprocessing = 0;
		};
/* End PBXResourcesBuildPhase section */

/* Begin PBXShellScriptBuildPhase section */
		31E23B0F6885EA682A0A0DBB /* Check Pods Manifest.lock */ = {
			isa = PBXShellScriptBuildPhase;
			buildActionMask = 2147483647;
			files = (
			);
			inputPaths = (
			);
			name = "Check Pods Manifest.lock";
			outputPaths = (
			);
			runOnlyForDeploymentPostprocessing = 0;
			shellPath = /bin/sh;
			shellScript = "diff \"${PODS_ROOT}/../Podfile.lock\" \"${PODS_ROOT}/Manifest.lock\" > /dev/null\nif [[ $? != 0 ]] ; then\n    cat << EOM\nerror: The sandbox is not in sync with the Podfile.lock. Run 'pod install' or update your CocoaPods installation.\nEOM\n    exit 1\nfi\n";
			showEnvVarsInLog = 0;
		};
		9278DC13057818F73D925D4C /* Embed Pods Frameworks */ = {
			isa = PBXShellScriptBuildPhase;
			buildActionMask = 2147483647;
			files = (
			);
			inputPaths = (
			);
			name = "Embed Pods Frameworks";
			outputPaths = (
			);
			runOnlyForDeploymentPostprocessing = 0;
			shellPath = /bin/sh;
			shellScript = "\"${SRCROOT}/Pods/Target Support Files/Pods-SimpleReno/Pods-SimpleReno-frameworks.sh\"\n";
			showEnvVarsInLog = 0;
		};
		CB20178C58F4DE33ABACFC9F /* Copy Pods Resources */ = {
			isa = PBXShellScriptBuildPhase;
			buildActionMask = 2147483647;
			files = (
			);
			inputPaths = (
			);
			name = "Copy Pods Resources";
			outputPaths = (
			);
			runOnlyForDeploymentPostprocessing = 0;
			shellPath = /bin/sh;
			shellScript = "\"${SRCROOT}/Pods/Target Support Files/Pods-SimpleReno/Pods-SimpleReno-resources.sh\"\n";
			showEnvVarsInLog = 0;
		};
/* End PBXShellScriptBuildPhase section */

/* Begin PBXSourcesBuildPhase section */
		B6C88B0C1BB62105006114F0 /* Sources */ = {
			isa = PBXSourcesBuildPhase;
			buildActionMask = 2147483647;
			files = (
				B6C88B2B1BB63A3A006114F0 /* SignupViewController.swift in Sources */,
				B6C88B371BB64533006114F0 /* Profile.swift in Sources */,
				B6C88B331BB642F4006114F0 /* Bid.swift in Sources */,
				B6C88B2E1BB63FAF006114F0 /* JobsTableViewController.swift in Sources */,
				B6C88B301BB6414A006114F0 /* JobsTableViewCell.swift in Sources */,
				B6CC4A631BB6C4F40027CE47 /* CategoryPickerController.swift in Sources */,
				B6C88B161BB62105006114F0 /* InitialViewController.swift in Sources */,
				B6C88B351BB643A7006114F0 /* Job.swift in Sources */,
				B6C88B3D1BB6583F006114F0 /* JobDetailViewController.swift in Sources */,
				B6C88B141BB62105006114F0 /* AppDelegate.swift in Sources */,
				B6C88B3F1BB672E1006114F0 /* Extensions.swift in Sources */,
				B6C88B3A1BB64BE6006114F0 /* AddJobTableViewController.swift in Sources */,
				B6CC4A651BB6C66E0027CE47 /* Categories.swift in Sources */,
			);
			runOnlyForDeploymentPostprocessing = 0;
		};
/* End PBXSourcesBuildPhase section */

/* Begin PBXVariantGroup section */
		B6C88B171BB62105006114F0 /* Main.storyboard */ = {
			isa = PBXVariantGroup;
			children = (
				B6C88B181BB62105006114F0 /* Base */,
			);
			name = Main.storyboard;
			sourceTree = "<group>";
		};
		B6C88B1C1BB62105006114F0 /* LaunchScreen.storyboard */ = {
			isa = PBXVariantGroup;
			children = (
				B6C88B1D1BB62105006114F0 /* Base */,
			);
			name = LaunchScreen.storyboard;
			sourceTree = "<group>";
		};
/* End PBXVariantGroup section */

/* Begin XCBuildConfiguration section */
		B6C88B201BB62105006114F0 /* Debug */ = {
			isa = XCBuildConfiguration;
			buildSettings = {
				ALWAYS_SEARCH_USER_PATHS = NO;
				CLANG_CXX_LANGUAGE_STANDARD = "gnu++0x";
				CLANG_CXX_LIBRARY = "libc++";
				CLANG_ENABLE_MODULES = YES;
				CLANG_ENABLE_OBJC_ARC = YES;
				CLANG_WARN_BOOL_CONVERSION = YES;
				CLANG_WARN_CONSTANT_CONVERSION = YES;
				CLANG_WARN_DIRECT_OBJC_ISA_USAGE = YES_ERROR;
				CLANG_WARN_EMPTY_BODY = YES;
				CLANG_WARN_ENUM_CONVERSION = YES;
				CLANG_WARN_INT_CONVERSION = YES;
				CLANG_WARN_OBJC_ROOT_CLASS = YES_ERROR;
				CLANG_WARN_UNREACHABLE_CODE = YES;
				CLANG_WARN__DUPLICATE_METHOD_MATCH = YES;
				"CODE_SIGN_IDENTITY[sdk=iphoneos*]" = "iPhone Developer";
				COPY_PHASE_STRIP = NO;
				DEBUG_INFORMATION_FORMAT = dwarf;
				ENABLE_STRICT_OBJC_MSGSEND = YES;
				ENABLE_TESTABILITY = YES;
				GCC_C_LANGUAGE_STANDARD = gnu99;
				GCC_DYNAMIC_NO_PIC = NO;
				GCC_NO_COMMON_BLOCKS = YES;
				GCC_OPTIMIZATION_LEVEL = 0;
				GCC_PREPROCESSOR_DEFINITIONS = (
					"DEBUG=1",
					"$(inherited)",
				);
				GCC_WARN_64_TO_32_BIT_CONVERSION = YES;
				GCC_WARN_ABOUT_RETURN_TYPE = YES_ERROR;
				GCC_WARN_UNDECLARED_SELECTOR = YES;
				GCC_WARN_UNINITIALIZED_AUTOS = YES_AGGRESSIVE;
				GCC_WARN_UNUSED_FUNCTION = YES;
				GCC_WARN_UNUSED_VARIABLE = YES;
				IPHONEOS_DEPLOYMENT_TARGET = 9.0;
				MTL_ENABLE_DEBUG_INFO = YES;
				ONLY_ACTIVE_ARCH = YES;
				SDKROOT = iphoneos;
				SWIFT_OPTIMIZATION_LEVEL = "-Onone";
				TARGETED_DEVICE_FAMILY = "1,2";
			};
			name = Debug;
		};
		B6C88B211BB62105006114F0 /* Release */ = {
			isa = XCBuildConfiguration;
			buildSettings = {
				ALWAYS_SEARCH_USER_PATHS = NO;
				CLANG_CXX_LANGUAGE_STANDARD = "gnu++0x";
				CLANG_CXX_LIBRARY = "libc++";
				CLANG_ENABLE_MODULES = YES;
				CLANG_ENABLE_OBJC_ARC = YES;
				CLANG_WARN_BOOL_CONVERSION = YES;
				CLANG_WARN_CONSTANT_CONVERSION = YES;
				CLANG_WARN_DIRECT_OBJC_ISA_USAGE = YES_ERROR;
				CLANG_WARN_EMPTY_BODY = YES;
				CLANG_WARN_ENUM_CONVERSION = YES;
				CLANG_WARN_INT_CONVERSION = YES;
				CLANG_WARN_OBJC_ROOT_CLASS = YES_ERROR;
				CLANG_WARN_UNREACHABLE_CODE = YES;
				CLANG_WARN__DUPLICATE_METHOD_MATCH = YES;
				"CODE_SIGN_IDENTITY[sdk=iphoneos*]" = "iPhone Developer";
				COPY_PHASE_STRIP = NO;
				DEBUG_INFORMATION_FORMAT = "dwarf-with-dsym";
				ENABLE_NS_ASSERTIONS = NO;
				ENABLE_STRICT_OBJC_MSGSEND = YES;
				GCC_C_LANGUAGE_STANDARD = gnu99;
				GCC_NO_COMMON_BLOCKS = YES;
				GCC_WARN_64_TO_32_BIT_CONVERSION = YES;
				GCC_WARN_ABOUT_RETURN_TYPE = YES_ERROR;
				GCC_WARN_UNDECLARED_SELECTOR = YES;
				GCC_WARN_UNINITIALIZED_AUTOS = YES_AGGRESSIVE;
				GCC_WARN_UNUSED_FUNCTION = YES;
				GCC_WARN_UNUSED_VARIABLE = YES;
				IPHONEOS_DEPLOYMENT_TARGET = 9.0;
				MTL_ENABLE_DEBUG_INFO = NO;
				SDKROOT = iphoneos;
				TARGETED_DEVICE_FAMILY = "1,2";
				VALIDATE_PRODUCT = YES;
			};
			name = Release;
		};
		B6C88B231BB62105006114F0 /* Debug */ = {
			isa = XCBuildConfiguration;
			baseConfigurationReference = A9264E139F6A4C102AB4618F /* Pods-SimpleReno.debug.xcconfig */;
			buildSettings = {
				ASSETCATALOG_COMPILER_APPICON_NAME = AppIcon;
				INFOPLIST_FILE = SimpleReno/Info.plist;
				LD_RUNPATH_SEARCH_PATHS = "$(inherited) @executable_path/Frameworks";
				PRODUCT_BUNDLE_IDENTIFIER = com.flCer.SimpleReno;
				PRODUCT_NAME = "$(TARGET_NAME)";
			};
			name = Debug;
		};
		B6C88B241BB62105006114F0 /* Release */ = {
			isa = XCBuildConfiguration;
			baseConfigurationReference = CF382C5820CCBAF7756B6DF4 /* Pods-SimpleReno.release.xcconfig */;
			buildSettings = {
				ASSETCATALOG_COMPILER_APPICON_NAME = AppIcon;
				INFOPLIST_FILE = SimpleReno/Info.plist;
				LD_RUNPATH_SEARCH_PATHS = "$(inherited) @executable_path/Frameworks";
				PRODUCT_BUNDLE_IDENTIFIER = com.flCer.SimpleReno;
				PRODUCT_NAME = "$(TARGET_NAME)";
			};
			name = Release;
		};
/* End XCBuildConfiguration section */

/* Begin XCConfigurationList section */
		B6C88B0B1BB62105006114F0 /* Build configuration list for PBXProject "SimpleReno" */ = {
			isa = XCConfigurationList;
			buildConfigurations = (
				B6C88B201BB62105006114F0 /* Debug */,
				B6C88B211BB62105006114F0 /* Release */,
			);
			defaultConfigurationIsVisible = 0;
			defaultConfigurationName = Release;
		};
		B6C88B221BB62105006114F0 /* Build configuration list for PBXNativeTarget "SimpleReno" */ = {
			isa = XCConfigurationList;
			buildConfigurations = (
				B6C88B231BB62105006114F0 /* Debug */,
				B6C88B241BB62105006114F0 /* Release */,
			);
			defaultConfigurationIsVisible = 0;
			defaultConfigurationName = Release;
		};
/* End XCConfigurationList section */
	};
	rootObject = B6C88B081BB62105006114F0 /* Project object */;
}
